// !$*UTF8*$!
{
	archiveVersion = 1;
	classes = {
	};
	objectVersion = 46;
	objects = {

/* Begin PBXBuildFile section */
		7D95E1A115E4934000D987C9 /* UIKit.framework in Frameworks */ = {isa = PBXBuildFile; fileRef = 7D95E1A015E4934000D987C9 /* UIKit.framework */; };
		7D95E1A315E4934000D987C9 /* Foundation.framework in Frameworks */ = {isa = PBXBuildFile; fileRef = 7D95E1A215E4934000D987C9 /* Foundation.framework */; };
		7D95E1A515E4934000D987C9 /* CoreGraphics.framework in Frameworks */ = {isa = PBXBuildFile; fileRef = 7D95E1A415E4934000D987C9 /* CoreGraphics.framework */; };
		7D95E1AB15E4934000D987C9 /* InfoPlist.strings in Resources */ = {isa = PBXBuildFile; fileRef = 7D95E1A915E4934000D987C9 /* InfoPlist.strings */; };
		7D95E1AD15E4934000D987C9 /* main.m in Sources */ = {isa = PBXBuildFile; fileRef = 7D95E1AC15E4934000D987C9 /* main.m */; };
		7D95E1B115E4934000D987C9 /* AppDelegate.m in Sources */ = {isa = PBXBuildFile; fileRef = 7D95E1B015E4934000D987C9 /* AppDelegate.m */; };
		7D95E1BA15E4935D00D987C9 /* Simple.m in Sources */ = {isa = PBXBuildFile; fileRef = 7D95E1B915E4935D00D987C9 /* Simple.m */; };
/* End PBXBuildFile section */

/* Begin PBXFileReference section */
		7D95E19C15E4934000D987C9 /* ChapThree.app */ = {isa = PBXFileReference; explicitFileType = wrapper.application; includeInIndex = 0; path = ChapThree.app; sourceTree = BUILT_PRODUCTS_DIR; };
		7D95E1A015E4934000D987C9 /* UIKit.framework */ = {isa = PBXFileReference; lastKnownFileType = wrapper.framework; name = UIKit.framework; path = System/Library/Frameworks/UIKit.framework; sourceTree = SDKROOT; };
		7D95E1A215E4934000D987C9 /* Foundation.framework */ = {isa = PBXFileReference; lastKnownFileType = wrapper.framework; name = Foundation.framework; path = System/Library/Frameworks/Foundation.framework; sourceTree = SDKROOT; };
		7D95E1A415E4934000D987C9 /* CoreGraphics.framework */ = {isa = PBXFileReference; lastKnownFileType = wrapper.framework; name = CoreGraphics.framework; path = System/Library/Frameworks/CoreGraphics.framework; sourceTree = SDKROOT; };
		7D95E1A815E4934000D987C9 /* ChapThree-Info.plist */ = {isa = PBXFileReference; lastKnownFileType = text.plist.xml; path = "ChapThree-Info.plist"; sourceTree = "<group>"; };
		7D95E1AA15E4934000D987C9 /* en */ = {isa = PBXFileReference; lastKnownFileType = text.plist.strings; name = en; path = en.lproj/InfoPlist.strings; sourceTree = "<group>"; };
		7D95E1AC15E4934000D987C9 /* main.m */ = {isa = PBXFileReference; lastKnownFileType = sourcecode.c.objc; path = main.m; sourceTree = "<group>"; };
		7D95E1AE15E4934000D987C9 /* ChapThree-Prefix.pch */ = {isa = PBXFileReference; lastKnownFileType = sourcecode.c.h; path = "ChapThree-Prefix.pch"; sourceTree = "<group>"; };
		7D95E1AF15E4934000D987C9 /* AppDelegate.h */ = {isa = PBXFileReference; lastKnownFileType = sourcecode.c.h; path = AppDelegate.h; sourceTree = "<group>"; };
		7D95E1B015E4934000D987C9 /* AppDelegate.m */ = {isa = PBXFileReference; lastKnownFileType = sourcecode.c.objc; path = AppDelegate.m; sourceTree = "<group>"; };
		7D95E1B815E4935D00D987C9 /* Simple.h */ = {isa = PBXFileReference; fileEncoding = 4; lastKnownFileType = sourcecode.c.h; path = Simple.h; sourceTree = "<group>"; };
		7D95E1B915E4935D00D987C9 /* Simple.m */ = {isa = PBXFileReference; fileEncoding = 4; lastKnownFileType = sourcecode.c.objc; path = Simple.m; sourceTree = "<group>"; };
/* End PBXFileReference section */

/* Begin PBXFrameworksBuildPhase section */
		7D95E19915E4934000D987C9 /* Frameworks */ = {
			isa = PBXFrameworksBuildPhase;
			buildActionMask = 2147483647;
			files = (
				7D95E1A115E4934000D987C9 /* UIKit.framework in Frameworks */,
				7D95E1A315E4934000D987C9 /* Foundation.framework in Frameworks */,
				7D95E1A515E4934000D987C9 /* CoreGraphics.framework in Frameworks */,
			);
			runOnlyForDeploymentPostprocessing = 0;
		};
/* End PBXFrameworksBuildPhase section */

/* Begin PBXGroup section */
		7D95E19115E4934000D987C9 = {
			isa = PBXGroup;
			children = (
				7D95E1A615E4934000D987C9 /* ChapThree */,
				7D95E19F15E4934000D987C9 /* Frameworks */,
				7D95E19D15E4934000D987C9 /* Products */,
			);
			sourceTree = "<group>";
		};
		7D95E19D15E4934000D987C9 /* Products */ = {
			isa = PBXGroup;
			children = (
				7D95E19C15E4934000D987C9 /* ChapThree.app */,
			);
			name = Products;
			sourceTree = "<group>";
		};
		7D95E19F15E4934000D987C9 /* Frameworks */ = {
			isa = PBXGroup;
			children = (
				7D95E1A015E4934000D987C9 /* UIKit.framework */,
				7D95E1A215E4934000D987C9 /* Foundation.framework */,
				7D95E1A415E4934000D987C9 /* CoreGraphics.framework */,
			);
			name = Frameworks;
			sourceTree = "<group>";
		};
		7D95E1A615E4934000D987C9 /* ChapThree */ = {
			isa = PBXGroup;
			children = (
				7D95E1B715E4934800D987C9 /* Objective-C */,
				7D95E1AF15E4934000D987C9 /* AppDelegate.h */,
				7D95E1B015E4934000D987C9 /* AppDelegate.m */,
				7D95E1A715E4934000D987C9 /* Supporting Files */,
			);
			path = ChapThree;
			sourceTree = "<group>";
		};
		7D95E1A715E4934000D987C9 /* Supporting Files */ = {
			isa = PBXGroup;
			children = (
				7D95E1A815E4934000D987C9 /* ChapThree-Info.plist */,
				7D95E1A915E4934000D987C9 /* InfoPlist.strings */,
				7D95E1AC15E4934000D987C9 /* main.m */,
				7D95E1AE15E4934000D987C9 /* ChapThree-Prefix.pch */,
			);
			name = "Supporting Files";
			sourceTree = "<group>";
		};
		7D95E1B715E4934800D987C9 /* Objective-C */ = {
			isa = PBXGroup;
			children = (
				7D95E1B815E4935D00D987C9 /* Simple.h */,
				7D95E1B915E4935D00D987C9 /* Simple.m */,
			);
			name = "Objective-C";
			sourceTree = "<group>";
		};
/* End PBXGroup section */

/* Begin PBXNativeTarget section */
		7D95E19B15E4934000D987C9 /* ChapThree */ = {
			isa = PBXNativeTarget;
			buildConfigurationList = 7D95E1B415E4934000D987C9 /* Build configuration list for PBXNativeTarget "ChapThree" */;
			buildPhases = (
				7D95E19815E4934000D987C9 /* Sources */,
				7D95E19915E4934000D987C9 /* Frameworks */,
				7D95E19A15E4934000D987C9 /* Resources */,
			);
			buildRules = (
			);
			dependencies = (
			);
			name = ChapThree;
			productName = ChapThree;
			productReference = 7D95E19C15E4934000D987C9 /* ChapThree.app */;
			productType = "com.apple.product-type.application";
		};
/* End PBXNativeTarget section */

/* Begin PBXProject section */
		7D95E19315E4934000D987C9 /* Project object */ = {
			isa = PBXProject;
			attributes = {
				LastUpgradeCheck = 0420;
			};
			buildConfigurationList = 7D95E19615E4934000D987C9 /* Build configuration list for PBXProject "ChapThree" */;
			compatibilityVersion = "Xcode 3.2";
			developmentRegion = English;
			hasScannedForEncodings = 0;
			knownRegions = (
				en,
			);
			mainGroup = 7D95E19115E4934000D987C9;
			productRefGroup = 7D95E19D15E4934000D987C9 /* Products */;
			projectDirPath = "";
			projectRoot = "";
			targets = (
				7D95E19B15E4934000D987C9 /* ChapThree */,
			);
		};
/* End PBXProject section */

/* Begin PBXResourcesBuildPhase section */
		7D95E19A15E4934000D987C9 /* Resources */ = {
			isa = PBXResourcesBuildPhase;
			buildActionMask = 2147483647;
			files = (
				7D95E1AB15E4934000D987C9 /* InfoPlist.strings in Resources */,
			);
			runOnlyForDeploymentPostprocessing = 0;
		};
/* End PBXResourcesBuildPhase section */

/* Begin PBXSourcesBuildPhase section */
		7D95E19815E4934000D987C9 /* Sources */ = {
			isa = PBXSourcesBuildPhase;
			buildActionMask = 2147483647;
			files = (
				7D95E1AD15E4934000D987C9 /* main.m in Sources */,
				7D95E1B115E4934000D987C9 /* AppDelegate.m in Sources */,
				7D95E1BA15E4935D00D987C9 /* Simple.m in Sources */,
			);
			runOnlyForDeploymentPostprocessing = 0;
		};
/* End PBXSourcesBuildPhase section */

/* Begin PBXVariantGroup section */
		7D95E1A915E4934000D987C9 /* InfoPlist.strings */ = {
			isa = PBXVariantGroup;
			children = (
				7D95E1AA15E4934000D987C9 /* en */,
			);
			name = InfoPlist.strings;
			sourceTree = "<group>";
		};
/* End PBXVariantGroup section */

/* Begin XCBuildConfiguration section */
		7D95E1B215E4934000D987C9 /* Debug */ = {
			isa = XCBuildConfiguration;
			buildSettings = {
				ALWAYS_SEARCH_USER_PATHS = NO;
				ARCHS = "$(ARCHS_STANDARD_32_BIT)";
				"CODE_SIGN_IDENTITY[sdk=iphoneos*]" = "iPhone Developer";
				COPY_PHASE_STRIP = NO;
				GCC_C_LANGUAGE_STANDARD = gnu99;
				GCC_DYNAMIC_NO_PIC = NO;
				GCC_OPTIMIZATION_LEVEL = 0;
				GCC_PREPROCESSOR_DEFINITIONS = (
					"DEBUG=1",
					"$(inherited)",
				);
				GCC_SYMBOLS_PRIVATE_EXTERN = NO;
				GCC_VERSION = com.apple.compilers.llvm.clang.1_0;
				GCC_WARN_ABOUT_MISSING_PROTOTYPES = YES;
				GCC_WARN_ABOUT_RETURN_TYPE = YES;
				GCC_WARN_UNUSED_VARIABLE = YES;
				IPHONEOS_DEPLOYMENT_TARGET = 5.0;
				SDKROOT = iphoneos;
			};
			name = Debug;
		};
		7D95E1B315E4934000D987C9 /* Release */ = {
			isa = XCBuildConfiguration;
			buildSettings = {
				ALWAYS_SEARCH_USER_PATHS = NO;
				ARCHS = "$(ARCHS_STANDARD_32_BIT)";
				"CODE_SIGN_IDENTITY[sdk=iphoneos*]" = "iPhone Developer";
				COPY_PHASE_STRIP = YES;
				GCC_C_LANGUAGE_STANDARD = gnu99;
				GCC_VERSION = com.apple.compilers.llvm.clang.1_0;
				GCC_WARN_ABOUT_MISSING_PROTOTYPES = YES;
				GCC_WARN_ABOUT_RETURN_TYPE = YES;
				GCC_WARN_UNUSED_VARIABLE = YES;
				IPHONEOS_DEPLOYMENT_TARGET = 5.0;
				OTHER_CFLAGS = "-DNS_BLOCK_ASSERTIONS=1";
				SDKROOT = iphoneos;
				VALIDATE_PRODUCT = YES;
			};
			name = Release;
		};
		7D95E1B515E4934000D987C9 /* Debug */ = {
			isa = XCBuildConfiguration;
			buildSettings = {
				GCC_PRECOMPILE_PREFIX_HEADER = YES;
				GCC_PREFIX_HEADER = "ChapThree/ChapThree-Prefix.pch";
				INFOPLIST_FILE = "ChapThree/ChapThree-Info.plist";
				PRODUCT_NAME = "$(TARGET_NAME)";
				WRAPPER_EXTENSION = app;
			};
			name = Debug;
		};
		7D95E1B615E4934000D987C9 /* Release */ = {
			isa = XCBuildConfiguration;
			buildSettings = {
				GCC_PRECOMPILE_PREFIX_HEADER = YES;
				GCC_PREFIX_HEADER = "ChapThree/ChapThree-Prefix.pch";
				INFOPLIST_FILE = "ChapThree/ChapThree-Info.plist";
				PRODUCT_NAME = "$(TARGET_NAME)";
				WRAPPER_EXTENSION = app;
			};
			name = Release;
		};
/* End XCBuildConfiguration section */

/* Begin XCConfigurationList section */
		7D95E19615E4934000D987C9 /* Build configuration list for PBXProject "ChapThree" */ = {
			isa = XCConfigurationList;
			buildConfigurations = (
				7D95E1B215E4934000D987C9 /* Debug */,
				7D95E1B315E4934000D987C9 /* Release */,
			);
			defaultConfigurationIsVisible = 0;
			defaultConfigurationName = Release;
		};
		7D95E1B415E4934000D987C9 /* Build configuration list for PBXNativeTarget "ChapThree" */ = {
			isa = XCConfigurationList;
			buildConfigurations = (
				7D95E1B515E4934000D987C9 /* Debug */,
				7D95E1B615E4934000D987C9 /* Release */,
			);
			defaultConfigurationIsVisible = 0;
		};
/* End XCConfigurationList section */
	};
	rootObject = 7D95E19315E4934000D987C9 /* Project object */;
}
